
Microsoft Visual Studio Solution File, Format Version 12.00
Project("{2150E333-8FDC-42A3-9474-1A3956D46DE8}") = "Src", "Src", "{6F284E37-17E0-4DE7-8EB1-5646D6C1C7A8}"
EndProject
Project("{2150E333-8FDC-42A3-9474-1A3956D46DE8}") = "Common", "Common", "{252FE1F7-DC95-4049-973E-86343BFB84EF}"
EndProject
Project("{2150E333-8FDC-42A3-9474-1A3956D46DE8}") = "Core", "Core", "{7B3A44A3-46F3-439B-8CC6-7251B8B7FC4E}"
EndProject
Project("{2150E333-8FDC-42A3-9474-1A3956D46DE8}") = "Infrastructure", "Infrastructure", "{AAC53BDC-0B9B-40BE-8653-0B19E3630318}"
EndProject
Project("{2150E333-8FDC-42A3-9474-1A3956D46DE8}") = "Presentation", "Presentation", "{3A859675-D683-4B55-A992-072C307847D1}"
EndProject
Project("{FAE04EC0-301F-11D3-BF4B-00C04F79EFBC}") = "Lab2.Common", "Lab2.Common\Lab2.Common.csproj", "{5A3A3B02-BFE9-472D-94A9-B881681069C4}"
EndProject
Project("{FAE04EC0-301F-11D3-BF4B-00C04F79EFBC}") = "Lab2.Application", "Lab2.Application\Lab2.Application.csproj", "{781D7079-F979-4D2A-8369-D68B1785C940}"
EndProject
Project("{FAE04EC0-301F-11D3-BF4B-00C04F79EFBC}") = "Lab2.Domain", "Lab2.Domain\Lab2.Domain.csproj", "{78E4A53B-2ECC-4EB5-BAC3-24324CD36ACF}"
EndProject
Project("{FAE04EC0-301F-11D3-BF4B-00C04F79EFBC}") = "Lab2.Infrastructure", "Lab2.Infrastructure\Lab2.Infrastructure.csproj", "{E0D78A3A-2C59-4196-90F4-6AA4942714B2}"
EndProject
Project("{FAE04EC0-301F-11D3-BF4B-00C04F79EFBC}") = "Lab2.Persistence", "Lab2.Persistence\Lab2.Persistence.csproj", "{1860045C-BF39-468A-A741-15DC35585512}"
EndProject
Project("{FAE04EC0-301F-11D3-BF4B-00C04F79EFBC}") = "Lab2.API", "Lab2.API\Lab2.API.csproj", "{DF70AA79-2404-4C29-BB6F-55AE57DCC1C8}"
EndProject
Global
	GlobalSection(SolutionConfigurationPlatforms) = preSolution
		Debug|Any CPU = Debug|Any CPU
		Release|Any CPU = Release|Any CPU
	EndGlobalSection
	GlobalSection(NestedProjects) = preSolution
		{252FE1F7-DC95-4049-973E-86343BFB84EF} = {6F284E37-17E0-4DE7-8EB1-5646D6C1C7A8}
		{7B3A44A3-46F3-439B-8CC6-7251B8B7FC4E} = {6F284E37-17E0-4DE7-8EB1-5646D6C1C7A8}
		{AAC53BDC-0B9B-40BE-8653-0B19E3630318} = {6F284E37-17E0-4DE7-8EB1-5646D6C1C7A8}
		{3A859675-D683-4B55-A992-072C307847D1} = {6F284E37-17E0-4DE7-8EB1-5646D6C1C7A8}
		{5A3A3B02-BFE9-472D-94A9-B881681069C4} = {252FE1F7-DC95-4049-973E-86343BFB84EF}
		{781D7079-F979-4D2A-8369-D68B1785C940} = {7B3A44A3-46F3-439B-8CC6-7251B8B7FC4E}
		{78E4A53B-2ECC-4EB5-BAC3-24324CD36ACF} = {7B3A44A3-46F3-439B-8CC6-7251B8B7FC4E}
		{E0D78A3A-2C59-4196-90F4-6AA4942714B2} = {AAC53BDC-0B9B-40BE-8653-0B19E3630318}
		{1860045C-BF39-468A-A741-15DC35585512} = {AAC53BDC-0B9B-40BE-8653-0B19E3630318}
		{DF70AA79-2404-4C29-BB6F-55AE57DCC1C8} = {3A859675-D683-4B55-A992-072C307847D1}
	EndGlobalSection
	GlobalSection(ProjectConfigurationPlatforms) = postSolution
		{5A3A3B02-BFE9-472D-94A9-B881681069C4}.Debug|Any CPU.ActiveCfg = Debug|Any CPU
		{5A3A3B02-BFE9-472D-94A9-B881681069C4}.Debug|Any CPU.Build.0 = Debug|Any CPU
		{5A3A3B02-BFE9-472D-94A9-B881681069C4}.Release|Any CPU.ActiveCfg = Release|Any CPU
		{5A3A3B02-BFE9-472D-94A9-B881681069C4}.Release|Any CPU.Build.0 = Release|Any CPU
		{781D7079-F979-4D2A-8369-D68B1785C940}.Debug|Any CPU.ActiveCfg = Debug|Any CPU
		{781D7079-F979-4D2A-8369-D68B1785C940}.Debug|Any CPU.Build.0 = Debug|Any CPU
		{781D7079-F979-4D2A-8369-D68B1785C940}.Release|Any CPU.ActiveCfg = Release|Any CPU
		{781D7079-F979-4D2A-8369-D68B1785C940}.Release|Any CPU.Build.0 = Release|Any CPU
		{78E4A53B-2ECC-4EB5-BAC3-24324CD36ACF}.Debug|Any CPU.ActiveCfg = Debug|Any CPU
		{78E4A53B-2ECC-4EB5-BAC3-24324CD36ACF}.Debug|Any CPU.Build.0 = Debug|Any CPU
		{78E4A53B-2ECC-4EB5-BAC3-24324CD36ACF}.Release|Any CPU.ActiveCfg = Release|Any CPU
		{78E4A53B-2ECC-4EB5-BAC3-24324CD36ACF}.Release|Any CPU.Build.0 = Release|Any CPU
		{E0D78A3A-2C59-4196-90F4-6AA4942714B2}.Debug|Any CPU.ActiveCfg = Debug|Any CPU
		{E0D78A3A-2C59-4196-90F4-6AA4942714B2}.Debug|Any CPU.Build.0 = Debug|Any CPU
		{E0D78A3A-2C59-4196-90F4-6AA4942714B2}.Release|Any CPU.ActiveCfg = Release|Any CPU
		{E0D78A3A-2C59-4196-90F4-6AA4942714B2}.Release|Any CPU.Build.0 = Release|Any CPU
		{1860045C-BF39-468A-A741-15DC35585512}.Debug|Any CPU.ActiveCfg = Debug|Any CPU
		{1860045C-BF39-468A-A741-15DC35585512}.Debug|Any CPU.Build.0 = Debug|Any CPU
		{1860045C-BF39-468A-A741-15DC35585512}.Release|Any CPU.ActiveCfg = Release|Any CPU
		{1860045C-BF39-468A-A741-15DC35585512}.Release|Any CPU.Build.0 = Release|Any CPU
		{DF70AA79-2404-4C29-BB6F-55AE57DCC1C8}.Debug|Any CPU.ActiveCfg = Debug|Any CPU
		{DF70AA79-2404-4C29-BB6F-55AE57DCC1C8}.Debug|Any CPU.Build.0 = Debug|Any CPU
		{DF70AA79-2404-4C29-BB6F-55AE57DCC1C8}.Release|Any CPU.ActiveCfg = Release|Any CPU
		{DF70AA79-2404-4C29-BB6F-55AE57DCC1C8}.Release|Any CPU.Build.0 = Release|Any CPU
	EndGlobalSection
EndGlobal
